// !$*UTF8*$!
{
	archiveVersion = 1;
	classes = {
	};
	objectVersion = 46;
	objects = {

/* Begin PBXBuildFile section */
		CED2CEE11ADC2D210085DC70 /* AppDelegate.swift in Sources */ = {isa = PBXBuildFile; fileRef = CED2CEE01ADC2D210085DC70 /* AppDelegate.swift */; };
		CED2CEE31ADC2D210085DC70 /* ViewController.swift in Sources */ = {isa = PBXBuildFile; fileRef = CED2CEE21ADC2D210085DC70 /* ViewController.swift */; };
		CED2CEE61ADC2D210085DC70 /* Main.storyboard in Resources */ = {isa = PBXBuildFile; fileRef = CED2CEE41ADC2D210085DC70 /* Main.storyboard */; };
		CED2CEE81ADC2D210085DC70 /* Images.xcassets in Resources */ = {isa = PBXBuildFile; fileRef = CED2CEE71ADC2D210085DC70 /* Images.xcassets */; };
		CED2CEEB1ADC2D210085DC70 /* LaunchScreen.xib in Resources */ = {isa = PBXBuildFile; fileRef = CED2CEE91ADC2D210085DC70 /* LaunchScreen.xib */; };
		CED2CEF71ADC2D210085DC70 /* postTestTests.swift in Sources */ = {isa = PBXBuildFile; fileRef = CED2CEF61ADC2D210085DC70 /* postTestTests.swift */; };
/* End PBXBuildFile section */

/* Begin PBXContainerItemProxy section */
		CED2CEF11ADC2D210085DC70 /* PBXContainerItemProxy */ = {
			isa = PBXContainerItemProxy;
			containerPortal = CED2CED31ADC2D210085DC70 /* Project object */;
			proxyType = 1;
			remoteGlobalIDString = CED2CEDA1ADC2D210085DC70;
			remoteInfo = postTest;
		};
/* End PBXContainerItemProxy section */

/* Begin PBXFileReference section */
		CED2CEDB1ADC2D210085DC70 /* postTest.app */ = {isa = PBXFileReference; explicitFileType = wrapper.application; includeInIndex = 0; path = postTest.app; sourceTree = BUILT_PRODUCTS_DIR; };
		CED2CEDF1ADC2D210085DC70 /* Info.plist */ = {isa = PBXFileReference; lastKnownFileType = text.plist.xml; path = Info.plist; sourceTree = "<group>"; };
		CED2CEE01ADC2D210085DC70 /* AppDelegate.swift */ = {isa = PBXFileReference; lastKnownFileType = sourcecode.swift; path = AppDelegate.swift; sourceTree = "<group>"; };
		CED2CEE21ADC2D210085DC70 /* ViewController.swift */ = {isa = PBXFileReference; lastKnownFileType = sourcecode.swift; path = ViewController.swift; sourceTree = "<group>"; };
		CED2CEE51ADC2D210085DC70 /* Base */ = {isa = PBXFileReference; lastKnownFileType = file.storyboard; name = Base; path = Base.lproj/Main.storyboard; sourceTree = "<group>"; };
		CED2CEE71ADC2D210085DC70 /* Images.xcassets */ = {isa = PBXFileReference; lastKnownFileType = folder.assetcatalog; path = Images.xcassets; sourceTree = "<group>"; };
		CED2CEEA1ADC2D210085DC70 /* Base */ = {isa = PBXFileReference; lastKnownFileType = file.xib; name = Base; path = Base.lproj/LaunchScreen.xib; sourceTree = "<group>"; };
		CED2CEF01ADC2D210085DC70 /* postTestTests.xctest */ = {isa = PBXFileReference; explicitFileType = wrapper.cfbundle; includeInIndex = 0; path = postTestTests.xctest; sourceTree = BUILT_PRODUCTS_DIR; };
		CED2CEF51ADC2D210085DC70 /* Info.plist */ = {isa = PBXFileReference; lastKnownFileType = text.plist.xml; path = Info.plist; sourceTree = "<group>"; };
		CED2CEF61ADC2D210085DC70 /* postTestTests.swift */ = {isa = PBXFileReference; lastKnownFileType = sourcecode.swift; path = postTestTests.swift; sourceTree = "<group>"; };
/* End PBXFileReference section */

/* Begin PBXFrameworksBuildPhase section */
		CED2CED81ADC2D210085DC70 /* Frameworks */ = {
			isa = PBXFrameworksBuildPhase;
			buildActionMask = 2147483647;
			files = (
			);
			runOnlyForDeploymentPostprocessing = 0;
		};
		CED2CEED1ADC2D210085DC70 /* Frameworks */ = {
			isa = PBXFrameworksBuildPhase;
			buildActionMask = 2147483647;
			files = (
			);
			runOnlyForDeploymentPostprocessing = 0;
		};
/* End PBXFrameworksBuildPhase section */

/* Begin PBXGroup section */
		CED2CED21ADC2D210085DC70 = {
			isa = PBXGroup;
			children = (
				CED2CEDD1ADC2D210085DC70 /* postTest */,
				CED2CEF31ADC2D210085DC70 /* postTestTests */,
				CED2CEDC1ADC2D210085DC70 /* Products */,
			);
			sourceTree = "<group>";
		};
		CED2CEDC1ADC2D210085DC70 /* Products */ = {
			isa = PBXGroup;
			children = (
				CED2CEDB1ADC2D210085DC70 /* postTest.app */,
				CED2CEF01ADC2D210085DC70 /* postTestTests.xctest */,
			);
			name = Products;
			sourceTree = "<group>";
		};
		CED2CEDD1ADC2D210085DC70 /* postTest */ = {
			isa = PBXGroup;
			children = (
				CED2CEE01ADC2D210085DC70 /* AppDelegate.swift */,
				CED2CEE21ADC2D210085DC70 /* ViewController.swift */,
				CED2CEE41ADC2D210085DC70 /* Main.storyboard */,
				CED2CEE71ADC2D210085DC70 /* Images.xcassets */,
				CED2CEE91ADC2D210085DC70 /* LaunchScreen.xib */,
				CED2CEDE1ADC2D210085DC70 /* Supporting Files */,
			);
			path = postTest;
			sourceTree = "<group>";
		};
		CED2CEDE1ADC2D210085DC70 /* Supporting Files */ = {
			isa = PBXGroup;
			children = (
				CED2CEDF1ADC2D210085DC70 /* Info.plist */,
			);
			name = "Supporting Files";
			sourceTree = "<group>";
		};
		CED2CEF31ADC2D210085DC70 /* postTestTests */ = {
			isa = PBXGroup;
			children = (
				CED2CEF61ADC2D210085DC70 /* postTestTests.swift */,
				CED2CEF41ADC2D210085DC70 /* Supporting Files */,
			);
			path = postTestTests;
			sourceTree = "<group>";
		};
		CED2CEF41ADC2D210085DC70 /* Supporting Files */ = {
			isa = PBXGroup;
			children = (
				CED2CEF51ADC2D210085DC70 /* Info.plist */,
			);
			name = "Supporting Files";
			sourceTree = "<group>";
		};
/* End PBXGroup section */

/* Begin PBXNativeTarget section */
		CED2CEDA1ADC2D210085DC70 /* postTest */ = {
			isa = PBXNativeTarget;
			buildConfigurationList = CED2CEFA1ADC2D210085DC70 /* Build configuration list for PBXNativeTarget "postTest" */;
			buildPhases = (
				CED2CED71ADC2D210085DC70 /* Sources */,
				CED2CED81ADC2D210085DC70 /* Frameworks */,
				CED2CED91ADC2D210085DC70 /* Resources */,
			);
			buildRules = (
			);
			dependencies = (
			);
			name = postTest;
			productName = postTest;
			productReference = CED2CEDB1ADC2D210085DC70 /* postTest.app */;
			productType = "com.apple.product-type.application";
		};
		CED2CEEF1ADC2D210085DC70 /* postTestTests */ = {
			isa = PBXNativeTarget;
			buildConfigurationList = CED2CEFD1ADC2D210085DC70 /* Build configuration list for PBXNativeTarget "postTestTests" */;
			buildPhases = (
				CED2CEEC1ADC2D210085DC70 /* Sources */,
				CED2CEED1ADC2D210085DC70 /* Frameworks */,
				CED2CEEE1ADC2D210085DC70 /* Resources */,
			);
			buildRules = (
			);
			dependencies = (
				CED2CEF21ADC2D210085DC70 /* PBXTargetDependency */,
			);
			name = postTestTests;
			productName = postTestTests;
			productReference = CED2CEF01ADC2D210085DC70 /* postTestTests.xctest */;
			productType = "com.apple.product-type.bundle.unit-test";
		};
/* End PBXNativeTarget section */

/* Begin PBXProject section */
		CED2CED31ADC2D210085DC70 /* Project object */ = {
			isa = PBXProject;
			attributes = {
				LastUpgradeCheck = 0620;
				ORGANIZATIONNAME = "Nicholas Harrigan";
				TargetAttributes = {
					CED2CEDA1ADC2D210085DC70 = {
						CreatedOnToolsVersion = 6.2;
					};
					CED2CEEF1ADC2D210085DC70 = {
						CreatedOnToolsVersion = 6.2;
						TestTargetID = CED2CEDA1ADC2D210085DC70;
					};
				};
			};
			buildConfigurationList = CED2CED61ADC2D210085DC70 /* Build configuration list for PBXProject "postTest" */;
			compatibilityVersion = "Xcode 3.2";
			developmentRegion = English;
			hasScannedForEncodings = 0;
			knownRegions = (
				en,
				Base,
			);
			mainGroup = CED2CED21ADC2D210085DC70;
			productRefGroup = CED2CEDC1ADC2D210085DC70 /* Products */;
			projectDirPath = "";
			projectRoot = "";
			targets = (
				CED2CEDA1ADC2D210085DC70 /* postTest */,
				CED2CEEF1ADC2D210085DC70 /* postTestTests */,
			);
		};
/* End PBXProject section */

/* Begin PBXResourcesBuildPhase section */
		CED2CED91ADC2D210085DC70 /* Resources */ = {
			isa = PBXResourcesBuildPhase;
			buildActionMask = 2147483647;
			files = (
				CED2CEE61ADC2D210085DC70 /* Main.storyboard in Resources */,
				CED2CEEB1ADC2D210085DC70 /* LaunchScreen.xib in Resources */,
				CED2CEE81ADC2D210085DC70 /* Images.xcassets in Resources */,
			);
			runOnlyForDeploymentPostprocessing = 0;
		};
		CED2CEEE1ADC2D210085DC70 /* Resources */ = {
			isa = PBXResourcesBuildPhase;
			buildActionMask = 2147483647;
			files = (
			);
			runOnlyForDeploymentPostprocessing = 0;
		};
/* End PBXResourcesBuildPhase section */

/* Begin PBXSourcesBuildPhase section */
		CED2CED71ADC2D210085DC70 /* Sources */ = {
			isa = PBXSourcesBuildPhase;
			buildActionMask = 2147483647;
			files = (
				CED2CEE31ADC2D210085DC70 /* ViewController.swift in Sources */,
				CED2CEE11ADC2D210085DC70 /* AppDelegate.swift in Sources */,
			);
			runOnlyForDeploymentPostprocessing = 0;
		};
		CED2CEEC1ADC2D210085DC70 /* Sources */ = {
			isa = PBXSourcesBuildPhase;
			buildActionMask = 2147483647;
			files = (
				CED2CEF71ADC2D210085DC70 /* postTestTests.swift in Sources */,
			);
			runOnlyForDeploymentPostprocessing = 0;
		};
/* End PBXSourcesBuildPhase section */

/* Begin PBXTargetDependency section */
		CED2CEF21ADC2D210085DC70 /* PBXTargetDependency */ = {
			isa = PBXTargetDependency;
			target = CED2CEDA1ADC2D210085DC70 /* postTest */;
			targetProxy = CED2CEF11ADC2D210085DC70 /* PBXContainerItemProxy */;
		};
/* End PBXTargetDependency section */

/* Begin PBXVariantGroup section */
		CED2CEE41ADC2D210085DC70 /* Main.storyboard */ = {
			isa = PBXVariantGroup;
			children = (
				CED2CEE51ADC2D210085DC70 /* Base */,
			);
			name = Main.storyboard;
			sourceTree = "<group>";
		};
		CED2CEE91ADC2D210085DC70 /* LaunchScreen.xib */ = {
			isa = PBXVariantGroup;
			children = (
				CED2CEEA1ADC2D210085DC70 /* Base */,
			);
			name = LaunchScreen.xib;
			sourceTree = "<group>";
		};
/* End PBXVariantGroup section */

/* Begin XCBuildConfiguration section */
		CED2CEF81ADC2D210085DC70 /* Debug */ = {
			isa = XCBuildConfiguration;
			buildSettings = {
				ALWAYS_SEARCH_USER_PATHS = NO;
				CLANG_CXX_LANGUAGE_STANDARD = "gnu++0x";
				CLANG_CXX_LIBRARY = "libc++";
				CLANG_ENABLE_MODULES = YES;
				CLANG_ENABLE_OBJC_ARC = YES;
				CLANG_WARN_BOOL_CONVERSION = YES;
				CLANG_WARN_CONSTANT_CONVERSION = YES;
				CLANG_WARN_DIRECT_OBJC_ISA_USAGE = YES_ERROR;
				CLANG_WARN_EMPTY_BODY = YES;
				CLANG_WARN_ENUM_CONVERSION = YES;
				CLANG_WARN_INT_CONVERSION = YES;
				CLANG_WARN_OBJC_ROOT_CLASS = YES_ERROR;
				CLANG_WARN_UNREACHABLE_CODE = YES;
				CLANG_WARN__DUPLICATE_METHOD_MATCH = YES;
				"CODE_SIGN_IDENTITY[sdk=iphoneos*]" = "iPhone Developer";
				COPY_PHASE_STRIP = NO;
				ENABLE_STRICT_OBJC_MSGSEND = YES;
				GCC_C_LANGUAGE_STANDARD = gnu99;
				GCC_DYNAMIC_NO_PIC = NO;
				GCC_OPTIMIZATION_LEVEL = 0;
				GCC_PREPROCESSOR_DEFINITIONS = (
					"DEBUG=1",
					"$(inherited)",
				);
				GCC_SYMBOLS_PRIVATE_EXTERN = NO;
				GCC_WARN_64_TO_32_BIT_CONVERSION = YES;
				GCC_WARN_ABOUT_RETURN_TYPE = YES_ERROR;
				GCC_WARN_UNDECLARED_SELECTOR = YES;
				GCC_WARN_UNINITIALIZED_AUTOS = YES_AGGRESSIVE;
				GCC_WARN_UNUSED_FUNCTION = YES;
				GCC_WARN_UNUSED_VARIABLE = YES;
				IPHONEOS_DEPLOYMENT_TARGET = 8.2;
				MTL_ENABLE_DEBUG_INFO = YES;
				ONLY_ACTIVE_ARCH = YES;
				SDKROOT = iphoneos;
				SWIFT_OPTIMIZATION_LEVEL = "-Onone";
				TARGETED_DEVICE_FAMILY = 2;
			};
			name = Debug;
		};
		CED2CEF91ADC2D210085DC70 /* Release */ = {
			isa = XCBuildConfiguration;
			buildSettings = {
				ALWAYS_SEARCH_USER_PATHS = NO;
				CLANG_CXX_LANGUAGE_STANDARD = "gnu++0x";
				CLANG_CXX_LIBRARY = "libc++";
				CLANG_ENABLE_MODULES = YES;
				CLANG_ENABLE_OBJC_ARC = YES;
				CLANG_WARN_BOOL_CONVERSION = YES;
				CLANG_WARN_CONSTANT_CONVERSION = YES;
				CLANG_WARN_DIRECT_OBJC_ISA_USAGE = YES_ERROR;
				CLANG_WARN_EMPTY_BODY = YES;
				CLANG_WARN_ENUM_CONVERSION = YES;
				CLANG_WARN_INT_CONVERSION = YES;
				CLANG_WARN_OBJC_ROOT_CLASS = YES_ERROR;
				CLANG_WARN_UNREACHABLE_CODE = YES;
				CLANG_WARN__DUPLICATE_METHOD_MATCH = YES;
				"CODE_SIGN_IDENTITY[sdk=iphoneos*]" = "iPhone Developer";
				COPY_PHASE_STRIP = NO;
				ENABLE_NS_ASSERTIONS = NO;
				ENABLE_STRICT_OBJC_MSGSEND = YES;
				GCC_C_LANGUAGE_STANDARD = gnu99;
				GCC_WARN_64_TO_32_BIT_CONVERSION = YES;
				GCC_WARN_ABOUT_RETURN_TYPE = YES_ERROR;
				GCC_WARN_UNDECLARED_SELECTOR = YES;
				GCC_WARN_UNINITIALIZED_AUTOS = YES_AGGRESSIVE;
				GCC_WARN_UNUSED_FUNCTION = YES;
				GCC_WARN_UNUSED_VARIABLE = YES;
				IPHONEOS_DEPLOYMENT_TARGET = 8.2;
				MTL_ENABLE_DEBUG_INFO = NO;
				SDKROOT = iphoneos;
				TARGETED_DEVICE_FAMILY = 2;
				VALIDATE_PRODUCT = YES;
			};
			name = Release;
		};
		CED2CEFB1ADC2D210085DC70 /* Debug */ = {
			isa = XCBuildConfiguration;
			buildSettings = {
				ASSETCATALOG_COMPILER_APPICON_NAME = AppIcon;
				INFOPLIST_FILE = postTest/Info.plist;
				LD_RUNPATH_SEARCH_PATHS = "$(inherited) @executable_path/Frameworks";
				PRODUCT_NAME = "$(TARGET_NAME)";
			};
			name = Debug;
		};
		CED2CEFC1ADC2D210085DC70 /* Release */ = {
			isa = XCBuildConfiguration;
			buildSettings = {
				ASSETCATALOG_COMPILER_APPICON_NAME = AppIcon;
				INFOPLIST_FILE = postTest/Info.plist;
				LD_RUNPATH_SEARCH_PATHS = "$(inherited) @executable_path/Frameworks";
				PRODUCT_NAME = "$(TARGET_NAME)";
			};
			name = Release;
		};
		CED2CEFE1ADC2D210085DC70 /* Debug */ = {
			isa = XCBuildConfiguration;
			buildSettings = {
				BUNDLE_LOADER = "$(TEST_HOST)";
				FRAMEWORK_SEARCH_PATHS = (
					"$(SDKROOT)/Developer/Library/Frameworks",
					"$(inherited)",
				);
				GCC_PREPROCESSOR_DEFINITIONS = (
					"DEBUG=1",
					"$(inherited)",
				);
				INFOPLIST_FILE = postTestTests/Info.plist;
				LD_RUNPATH_SEARCH_PATHS = "$(inherited) @executable_path/Frameworks @loader_path/Frameworks";
				PRODUCT_NAME = "$(TARGET_NAME)";
				TEST_HOST = "$(BUILT_PRODUCTS_DIR)/postTest.app/postTest";
			};
			name = Debug;
		};
		CED2CEFF1ADC2D210085DC70 /* Release */ = {
			isa = XCBuildConfiguration;
			buildSettings = {
				BUNDLE_LOADER = "$(TEST_HOST)";
				FRAMEWORK_SEARCH_PATHS = (
					"$(SDKROOT)/Developer/Library/Frameworks",
					"$(inherited)",
				);
				INFOPLIST_FILE = postTestTests/Info.plist;
				LD_RUNPATH_SEARCH_PATHS = "$(inherited) @executable_path/Frameworks @loader_path/Frameworks";
				PRODUCT_NAME = "$(TARGET_NAME)";
				TEST_HOST = "$(BUILT_PRODUCTS_DIR)/postTest.app/postTest";
			};
			name = Release;
		};
/* End XCBuildConfiguration section */

/* Begin XCConfigurationList section */
		CED2CED61ADC2D210085DC70 /* Build configuration list for PBXProject "postTest" */ = {
			isa = XCConfigurationList;
			buildConfigurations = (
				CED2CEF81ADC2D210085DC70 /* Debug */,
				CED2CEF91ADC2D210085DC70 /* Release */,
			);
			defaultConfigurationIsVisible = 0;
			defaultConfigurationName = Release;
		};
		CED2CEFA1ADC2D210085DC70 /* Build configuration list for PBXNativeTarget "postTest" */ = {
			isa = XCConfigurationList;
			buildConfigurations = (
				CED2CEFB1ADC2D210085DC70 /* Debug */,
				CED2CEFC1ADC2D210085DC70 /* Release */,
			);
			defaultConfigurationIsVisible = 0;
			defaultConfigurationName = Release;
		};
		CED2CEFD1ADC2D210085DC70 /* Build configuration list for PBXNativeTarget "postTestTests" */ = {
			isa = XCConfigurationList;
			buildConfigurations = (
				CED2CEFE1ADC2D210085DC70 /* Debug */,
				CED2CEFF1ADC2D210085DC70 /* Release */,
			);
			defaultConfigurationIsVisible = 0;
			defaultConfigurationName = Release;
		};
/* End XCConfigurationList section */
	};
	rootObject = CED2CED31ADC2D210085DC70 /* Project object */;
}
