// !$*UTF8*$!
{
	archiveVersion = 1;
	classes = {
	};
	objectVersion = 46;
	objects = {

/* Begin PBXBuildFile section */
		4800407A29FAFE0D507639E5 /* libPods.a in Frameworks */ = {isa = PBXBuildFile; fileRef = B58F69233816977457C53E8F /* libPods.a */; };
		CE0286831AAF9D34005C0E45 /* AccelRecorder.swift in Sources */ = {isa = PBXBuildFile; fileRef = CE0286821AAF9D34005C0E45 /* AccelRecorder.swift */; };
		CE0286851AAF9D4F005C0E45 /* Integrator.swift in Sources */ = {isa = PBXBuildFile; fileRef = CE0286841AAF9D4F005C0E45 /* Integrator.swift */; };
		CE18CDF51AF573B300DC1109 /* findTextSize.swift in Sources */ = {isa = PBXBuildFile; fileRef = CE18CDF41AF573B300DC1109 /* findTextSize.swift */; };
		CE18CDFA1AF839DC00DC1109 /* followMe.swift in Sources */ = {isa = PBXBuildFile; fileRef = CE18CDF91AF839DC00DC1109 /* followMe.swift */; };
		CE18CDFD1AF83A9B00DC1109 /* calcQstnGraph.swift in Sources */ = {isa = PBXBuildFile; fileRef = CE18CDFC1AF83A9B00DC1109 /* calcQstnGraph.swift */; };
		CE1F16AA1B037FDA00502576 /* nextQstnDD.swift in Sources */ = {isa = PBXBuildFile; fileRef = CE1F16A91B037FDA00502576 /* nextQstnDD.swift */; };
		CE1F16AC1B037FFA00502576 /* guessIsotope.swift in Sources */ = {isa = PBXBuildFile; fileRef = CE1F16AB1B037FFA00502576 /* guessIsotope.swift */; };
		CE2DF58C1B03C06C00C7564C /* attomArrayScene.swift in Sources */ = {isa = PBXBuildFile; fileRef = CE2DF58B1B03C06C00C7564C /* attomArrayScene.swift */; };
		CE4090F91ADEBE5400D237B3 /* ViewControllerLogin.swift in Sources */ = {isa = PBXBuildFile; fileRef = CE4090F81ADEBE5400D237B3 /* ViewControllerLogin.swift */; };
		CE4090FB1ADECB1C00D237B3 /* DataManager.swift in Sources */ = {isa = PBXBuildFile; fileRef = CE4090FA1ADECB1C00D237B3 /* DataManager.swift */; };
		CE4216E11AD180C6004EF105 /* calcQstns.swift in Sources */ = {isa = PBXBuildFile; fileRef = CE4216E01AD180C6004EF105 /* calcQstns.swift */; };
		CE463E351AADEE3C00427689 /* AppDelegate.swift in Sources */ = {isa = PBXBuildFile; fileRef = CE463E341AADEE3C00427689 /* AppDelegate.swift */; };
		CE463E371AADEE3C00427689 /* PPcalibVC.swift in Sources */ = {isa = PBXBuildFile; fileRef = CE463E361AADEE3C00427689 /* PPcalibVC.swift */; };
		CE463E3C1AADEE3C00427689 /* Images.xcassets in Resources */ = {isa = PBXBuildFile; fileRef = CE463E3B1AADEE3C00427689 /* Images.xcassets */; };
		CE463E4B1AADEE3C00427689 /* PhonePushTests.swift in Sources */ = {isa = PBXBuildFile; fileRef = CE463E4A1AADEE3C00427689 /* PhonePushTests.swift */; };
		CE4D1C571ADA03EC001E6D53 /* tickbox.png in Resources */ = {isa = PBXBuildFile; fileRef = CE4D1C561ADA03EC001E6D53 /* tickbox.png */; };
		CE4D1C591ADA092E001E6D53 /* crossBox.png in Resources */ = {isa = PBXBuildFile; fileRef = CE4D1C581ADA092E001E6D53 /* crossBox.png */; };
		CEA296CF1AD97D69007117AD /* graphPlotter.swift in Sources */ = {isa = PBXBuildFile; fileRef = CEA296CE1AD97D69007117AD /* graphPlotter.swift */; };
		CEA296D11AD97DE7007117AD /* graphQstns.swift in Sources */ = {isa = PBXBuildFile; fileRef = CEA296D01AD97DE7007117AD /* graphQstns.swift */; };
		CEA2CBE41B025FF3003D058D /* testRecAcc.swift in Sources */ = {isa = PBXBuildFile; fileRef = CEA2CBE31B025FF3003D058D /* testRecAcc.swift */; };
		CEA3614C1ADF3A5300EC266A /* URITemplate.swift in Sources */ = {isa = PBXBuildFile; fileRef = CEA3614B1ADF3A5300EC266A /* URITemplate.swift */; };
		CEA6C37E1AE0BAE700B92A3C /* SwiftyJSON.swift in Sources */ = {isa = PBXBuildFile; fileRef = CEA6C37D1AE0BAE700B92A3C /* SwiftyJSON.swift */; };
		CED1D0B01AE0A9C000B56442 /* DecayDiceVC.swift in Sources */ = {isa = PBXBuildFile; fileRef = CED1D0AF1AE0A9C000B56442 /* DecayDiceVC.swift */; };
		CED1D0B21AE0A9CC00B56442 /* dataViewController.swift in Sources */ = {isa = PBXBuildFile; fileRef = CED1D0B11AE0A9CC00B56442 /* dataViewController.swift */; };
		CED1D0B51AE0A9DA00B56442 /* AtomScene.swift in Sources */ = {isa = PBXBuildFile; fileRef = CED1D0B31AE0A9DA00B56442 /* AtomScene.swift */; };
		CED1D0B61AE0A9DA00B56442 /* atomNode.swift in Sources */ = {isa = PBXBuildFile; fileRef = CED1D0B41AE0A9DA00B56442 /* atomNode.swift */; };
		CED1D0B81AE0A9EC00B56442 /* electronbg.png in Resources */ = {isa = PBXBuildFile; fileRef = CED1D0B71AE0A9EC00B56442 /* electronbg.png */; };
		CED1D0BA1AE0AA0200B56442 /* eOrbits.atlas in Resources */ = {isa = PBXBuildFile; fileRef = CED1D0B91AE0AA0200B56442 /* eOrbits.atlas */; };
		CED1D0BC1AE0AA1000B56442 /* nucleus.atlas in Resources */ = {isa = PBXBuildFile; fileRef = CED1D0BB1AE0AA1000B56442 /* nucleus.atlas */; };
		CEE8CE561AE191FA0089F5E1 /* nextQstn.swift in Sources */ = {isa = PBXBuildFile; fileRef = CEE8CE551AE191FA0089F5E1 /* nextQstn.swift */; };
		CEE8CE581AE1AB400089F5E1 /* PPintroVC.swift in Sources */ = {isa = PBXBuildFile; fileRef = CEE8CE571AE1AB400089F5E1 /* PPintroVC.swift */; };
		CEEE24AF1AD9D6B4002E5F00 /* popUpViewController.swift in Sources */ = {isa = PBXBuildFile; fileRef = CEEE24AE1AD9D6B4002E5F00 /* popUpViewController.swift */; };
		CEFC1B9B1AE82B8100DAAFE7 /* mortarboard.png in Resources */ = {isa = PBXBuildFile; fileRef = CEFC1B9A1AE82B8100DAAFE7 /* mortarboard.png */; };
/* End PBXBuildFile section */

/* Begin PBXContainerItemProxy section */
		CE463E451AADEE3C00427689 /* PBXContainerItemProxy */ = {
			isa = PBXContainerItemProxy;
			containerPortal = CE463E271AADEE3C00427689 /* Project object */;
			proxyType = 1;
			remoteGlobalIDString = CE463E2E1AADEE3C00427689;
			remoteInfo = PhonePush;
		};
		CE99660C1ADEE2C700DECE7B /* PBXContainerItemProxy */ = {
			isa = PBXContainerItemProxy;
			containerPortal = CE9966051ADEE2C600DECE7B /* SwiftyJSON.xcodeproj */;
			proxyType = 2;
			remoteGlobalIDString = 2E4FEFDB19575BE100351305;
			remoteInfo = "SwiftyJSON iOS";
		};
		CE99660E1ADEE2C700DECE7B /* PBXContainerItemProxy */ = {
			isa = PBXContainerItemProxy;
			containerPortal = CE9966051ADEE2C600DECE7B /* SwiftyJSON.xcodeproj */;
			proxyType = 2;
			remoteGlobalIDString = 2E4FEFE619575BE100351305;
			remoteInfo = "SwiftyJSON iOS Tests";
		};
		CE9966101ADEE2C700DECE7B /* PBXContainerItemProxy */ = {
			isa = PBXContainerItemProxy;
			containerPortal = CE9966051ADEE2C600DECE7B /* SwiftyJSON.xcodeproj */;
			proxyType = 2;
			remoteGlobalIDString = 9C7DFC5B1A9102BD005AA3F7;
			remoteInfo = "SwiftyJSON OSX";
		};
		CE9966121ADEE2C700DECE7B /* PBXContainerItemProxy */ = {
			isa = PBXContainerItemProxy;
			containerPortal = CE9966051ADEE2C600DECE7B /* SwiftyJSON.xcodeproj */;
			proxyType = 2;
			remoteGlobalIDString = 9C7DFC651A9102BD005AA3F7;
			remoteInfo = "SwiftyJSON OSX Tests";
		};
/* End PBXContainerItemProxy section */

/* Begin PBXFileReference section */
		0FFD0AB1B271C009DB3D10E2 /* Pods.release.xcconfig */ = {isa = PBXFileReference; includeInIndex = 1; lastKnownFileType = text.xcconfig; name = Pods.release.xcconfig; path = "Pods/Target Support Files/Pods/Pods.release.xcconfig"; sourceTree = "<group>"; };
		B58F69233816977457C53E8F /* libPods.a */ = {isa = PBXFileReference; explicitFileType = archive.ar; includeInIndex = 0; path = libPods.a; sourceTree = BUILT_PRODUCTS_DIR; };
		CE0286821AAF9D34005C0E45 /* AccelRecorder.swift */ = {isa = PBXFileReference; fileEncoding = 4; lastKnownFileType = sourcecode.swift; path = AccelRecorder.swift; sourceTree = "<group>"; };
		CE0286841AAF9D4F005C0E45 /* Integrator.swift */ = {isa = PBXFileReference; fileEncoding = 4; lastKnownFileType = sourcecode.swift; path = Integrator.swift; sourceTree = "<group>"; };
		CE18CDF41AF573B300DC1109 /* findTextSize.swift */ = {isa = PBXFileReference; fileEncoding = 4; lastKnownFileType = sourcecode.swift; path = findTextSize.swift; sourceTree = "<group>"; };
		CE18CDF91AF839DC00DC1109 /* followMe.swift */ = {isa = PBXFileReference; fileEncoding = 4; lastKnownFileType = sourcecode.swift; path = followMe.swift; sourceTree = "<group>"; };
		CE18CDFC1AF83A9B00DC1109 /* calcQstnGraph.swift */ = {isa = PBXFileReference; fileEncoding = 4; lastKnownFileType = sourcecode.swift; path = calcQstnGraph.swift; sourceTree = "<group>"; };
		CE1F16A91B037FDA00502576 /* nextQstnDD.swift */ = {isa = PBXFileReference; fileEncoding = 4; lastKnownFileType = sourcecode.swift; path = nextQstnDD.swift; sourceTree = "<group>"; };
		CE1F16AB1B037FFA00502576 /* guessIsotope.swift */ = {isa = PBXFileReference; fileEncoding = 4; lastKnownFileType = sourcecode.swift; path = guessIsotope.swift; sourceTree = "<group>"; };
		CE2DF58B1B03C06C00C7564C /* attomArrayScene.swift */ = {isa = PBXFileReference; fileEncoding = 4; lastKnownFileType = sourcecode.swift; path = attomArrayScene.swift; sourceTree = "<group>"; };
		CE4090F81ADEBE5400D237B3 /* ViewControllerLogin.swift */ = {isa = PBXFileReference; fileEncoding = 4; lastKnownFileType = sourcecode.swift; path = ViewControllerLogin.swift; sourceTree = "<group>"; };
		CE4090FA1ADECB1C00D237B3 /* DataManager.swift */ = {isa = PBXFileReference; fileEncoding = 4; lastKnownFileType = sourcecode.swift; path = DataManager.swift; sourceTree = "<group>"; };
		CE4216E01AD180C6004EF105 /* calcQstns.swift */ = {isa = PBXFileReference; fileEncoding = 4; lastKnownFileType = sourcecode.swift; path = calcQstns.swift; sourceTree = "<group>"; };
		CE463E2F1AADEE3C00427689 /* PhonePush.app */ = {isa = PBXFileReference; explicitFileType = wrapper.application; includeInIndex = 0; path = PhonePush.app; sourceTree = BUILT_PRODUCTS_DIR; };
		CE463E331AADEE3C00427689 /* Info.plist */ = {isa = PBXFileReference; lastKnownFileType = text.plist.xml; path = Info.plist; sourceTree = "<group>"; };
		CE463E341AADEE3C00427689 /* AppDelegate.swift */ = {isa = PBXFileReference; lastKnownFileType = sourcecode.swift; path = AppDelegate.swift; sourceTree = "<group>"; };
		CE463E361AADEE3C00427689 /* PPcalibVC.swift */ = {isa = PBXFileReference; lastKnownFileType = sourcecode.swift; path = PPcalibVC.swift; sourceTree = "<group>"; };
		CE463E3B1AADEE3C00427689 /* Images.xcassets */ = {isa = PBXFileReference; lastKnownFileType = folder.assetcatalog; path = Images.xcassets; sourceTree = "<group>"; };
		CE463E441AADEE3C00427689 /* PhonePushTests.xctest */ = {isa = PBXFileReference; explicitFileType = wrapper.cfbundle; includeInIndex = 0; path = PhonePushTests.xctest; sourceTree = BUILT_PRODUCTS_DIR; };
		CE463E491AADEE3C00427689 /* Info.plist */ = {isa = PBXFileReference; lastKnownFileType = text.plist.xml; path = Info.plist; sourceTree = "<group>"; };
		CE463E4A1AADEE3C00427689 /* PhonePushTests.swift */ = {isa = PBXFileReference; lastKnownFileType = sourcecode.swift; path = PhonePushTests.swift; sourceTree = "<group>"; };
		CE4D1C561ADA03EC001E6D53 /* tickbox.png */ = {isa = PBXFileReference; lastKnownFileType = image.png; path = tickbox.png; sourceTree = "<group>"; };
		CE4D1C581ADA092E001E6D53 /* crossBox.png */ = {isa = PBXFileReference; lastKnownFileType = image.png; path = crossBox.png; sourceTree = "<group>"; };
		CE9965E51ADEE06700DECE7B /* SwiftyJSON.framework */ = {isa = PBXFileReference; lastKnownFileType = wrapper.framework; name = SwiftyJSON.framework; path = "../../../../Library/Developer/Xcode/DerivedData/PhonePush-eikiouqgwfpbnzehtftbfaieaedu/Build/Products/Debug-iphoneos/SwiftyJSON.framework"; sourceTree = "<group>"; };
		CE9966051ADEE2C600DECE7B /* SwiftyJSON.xcodeproj */ = {isa = PBXFileReference; lastKnownFileType = "wrapper.pb-project"; name = SwiftyJSON.xcodeproj; path = "SwiftyJSON-master/SwiftyJSON.xcodeproj"; sourceTree = "<group>"; };
		CEA296CD1AD97B32007117AD /* PhonePush-Bridging-Header.h */ = {isa = PBXFileReference; lastKnownFileType = sourcecode.c.h; path = "PhonePush-Bridging-Header.h"; sourceTree = "<group>"; };
		CEA296CE1AD97D69007117AD /* graphPlotter.swift */ = {isa = PBXFileReference; fileEncoding = 4; lastKnownFileType = sourcecode.swift; path = graphPlotter.swift; sourceTree = "<group>"; };
		CEA296D01AD97DE7007117AD /* graphQstns.swift */ = {isa = PBXFileReference; fileEncoding = 4; lastKnownFileType = sourcecode.swift; path = graphQstns.swift; sourceTree = "<group>"; };
		CEA2CBE31B025FF3003D058D /* testRecAcc.swift */ = {isa = PBXFileReference; fileEncoding = 4; lastKnownFileType = sourcecode.swift; path = testRecAcc.swift; sourceTree = "<group>"; };
		CEA3614B1ADF3A5300EC266A /* URITemplate.swift */ = {isa = PBXFileReference; fileEncoding = 4; lastKnownFileType = sourcecode.swift; path = URITemplate.swift; sourceTree = "<group>"; };
		CEA6C37D1AE0BAE700B92A3C /* SwiftyJSON.swift */ = {isa = PBXFileReference; fileEncoding = 4; lastKnownFileType = sourcecode.swift; path = SwiftyJSON.swift; sourceTree = "<group>"; };
		CED1D0AF1AE0A9C000B56442 /* DecayDiceVC.swift */ = {isa = PBXFileReference; fileEncoding = 4; lastKnownFileType = sourcecode.swift; path = DecayDiceVC.swift; sourceTree = "<group>"; };
		CED1D0B11AE0A9CC00B56442 /* dataViewController.swift */ = {isa = PBXFileReference; fileEncoding = 4; lastKnownFileType = sourcecode.swift; path = dataViewController.swift; sourceTree = "<group>"; };
		CED1D0B31AE0A9DA00B56442 /* AtomScene.swift */ = {isa = PBXFileReference; fileEncoding = 4; lastKnownFileType = sourcecode.swift; path = AtomScene.swift; sourceTree = "<group>"; };
		CED1D0B41AE0A9DA00B56442 /* atomNode.swift */ = {isa = PBXFileReference; fileEncoding = 4; lastKnownFileType = sourcecode.swift; path = atomNode.swift; sourceTree = "<group>"; };
		CED1D0B71AE0A9EC00B56442 /* electronbg.png */ = {isa = PBXFileReference; lastKnownFileType = image.png; path = electronbg.png; sourceTree = "<group>"; };
		CED1D0B91AE0AA0200B56442 /* eOrbits.atlas */ = {isa = PBXFileReference; lastKnownFileType = folder.skatlas; path = eOrbits.atlas; sourceTree = "<group>"; };
		CED1D0BB1AE0AA1000B56442 /* nucleus.atlas */ = {isa = PBXFileReference; lastKnownFileType = folder.skatlas; path = nucleus.atlas; sourceTree = "<group>"; };
		CEE8CE551AE191FA0089F5E1 /* nextQstn.swift */ = {isa = PBXFileReference; fileEncoding = 4; lastKnownFileType = sourcecode.swift; path = nextQstn.swift; sourceTree = "<group>"; };
		CEE8CE571AE1AB400089F5E1 /* PPintroVC.swift */ = {isa = PBXFileReference; fileEncoding = 4; lastKnownFileType = sourcecode.swift; path = PPintroVC.swift; sourceTree = "<group>"; };
		CEEE24AE1AD9D6B4002E5F00 /* popUpViewController.swift */ = {isa = PBXFileReference; fileEncoding = 4; lastKnownFileType = sourcecode.swift; path = popUpViewController.swift; sourceTree = "<group>"; };
		CEFC1B9A1AE82B8100DAAFE7 /* mortarboard.png */ = {isa = PBXFileReference; lastKnownFileType = image.png; path = mortarboard.png; sourceTree = "<group>"; };
		E3C61D2D9817D5F1E1A04AFF /* Pods.debug.xcconfig */ = {isa = PBXFileReference; includeInIndex = 1; lastKnownFileType = text.xcconfig; name = Pods.debug.xcconfig; path = "Pods/Target Support Files/Pods/Pods.debug.xcconfig"; sourceTree = "<group>"; };
/* End PBXFileReference section */

/* Begin PBXFrameworksBuildPhase section */
		CE463E2C1AADEE3C00427689 /* Frameworks */ = {
			isa = PBXFrameworksBuildPhase;
			buildActionMask = 2147483647;
			files = (
				4800407A29FAFE0D507639E5 /* libPods.a in Frameworks */,
			);
			runOnlyForDeploymentPostprocessing = 0;
		};
		CE463E411AADEE3C00427689 /* Frameworks */ = {
			isa = PBXFrameworksBuildPhase;
			buildActionMask = 2147483647;
			files = (
			);
			runOnlyForDeploymentPostprocessing = 0;
		};
/* End PBXFrameworksBuildPhase section */

/* Begin PBXGroup section */
		9424226CD13C018A235B0418 /* Frameworks */ = {
			isa = PBXGroup;
			children = (
				CE9966051ADEE2C600DECE7B /* SwiftyJSON.xcodeproj */,
				CE9965E51ADEE06700DECE7B /* SwiftyJSON.framework */,
				B58F69233816977457C53E8F /* libPods.a */,
			);
			name = Frameworks;
			sourceTree = "<group>";
		};
		C7D665F826064C2162D4D643 /* Pods */ = {
			isa = PBXGroup;
			children = (
				E3C61D2D9817D5F1E1A04AFF /* Pods.debug.xcconfig */,
				0FFD0AB1B271C009DB3D10E2 /* Pods.release.xcconfig */,
			);
			name = Pods;
			sourceTree = "<group>";
		};
		CE18CDFB1AF839F800DC1109 /* xvaGraphs */ = {
			isa = PBXGroup;
			children = (
				CE18CDF91AF839DC00DC1109 /* followMe.swift */,
				CEA2CBE31B025FF3003D058D /* testRecAcc.swift */,
				CE18CDFC1AF83A9B00DC1109 /* calcQstnGraph.swift */,
			);
			name = xvaGraphs;
			sourceTree = "<group>";
		};
		CE1F16A81B037FA800502576 /* DecayDice */ = {
			isa = PBXGroup;
			children = (
				CE1F16A91B037FDA00502576 /* nextQstnDD.swift */,
				CE1F16AB1B037FFA00502576 /* guessIsotope.swift */,
				CE2DF58B1B03C06C00C7564C /* attomArrayScene.swift */,
			);
			name = DecayDice;
			sourceTree = "<group>";
		};
		CE463E261AADEE3C00427689 = {
			isa = PBXGroup;
			children = (
				CE463E311AADEE3C00427689 /* PhonePush */,
				CE463E471AADEE3C00427689 /* PhonePushTests */,
				CE463E301AADEE3C00427689 /* Products */,
				C7D665F826064C2162D4D643 /* Pods */,
				9424226CD13C018A235B0418 /* Frameworks */,
			);
			sourceTree = "<group>";
		};
		CE463E301AADEE3C00427689 /* Products */ = {
			isa = PBXGroup;
			children = (
				CE463E2F1AADEE3C00427689 /* PhonePush.app */,
				CE463E441AADEE3C00427689 /* PhonePushTests.xctest */,
			);
			name = Products;
			sourceTree = "<group>";
		};
		CE463E311AADEE3C00427689 /* PhonePush */ = {
			isa = PBXGroup;
			children = (
				CE1F16A81B037FA800502576 /* DecayDice */,
				CE18CDFB1AF839F800DC1109 /* xvaGraphs */,
				CED1D0AE1AE0A99300B56442 /* DecayDiceOLD */,
				CED1D0AD1AE0A5CB00B56442 /* AnswerPopUp */,
				CED1D0AC1AE0A58B00B56442 /* LoginPage */,
				CED1D0AB1AE0A55000B56442 /* Graphing */,
				CED1D0AA1AE0A4CE00B56442 /* Push */,
				CEA3614D1ADF3B6D00EC266A /* Libraries */,
				CE463E341AADEE3C00427689 /* AppDelegate.swift */,
				CEA296CD1AD97B32007117AD /* PhonePush-Bridging-Header.h */,
				CE463E3B1AADEE3C00427689 /* Images.xcassets */,
				CE463E321AADEE3C00427689 /* Supporting Files */,
			);
			path = PhonePush;
			sourceTree = "<group>";
		};
		CE463E321AADEE3C00427689 /* Supporting Files */ = {
			isa = PBXGroup;
			children = (
				CE463E331AADEE3C00427689 /* Info.plist */,
			);
			name = "Supporting Files";
			sourceTree = "<group>";
		};
		CE463E471AADEE3C00427689 /* PhonePushTests */ = {
			isa = PBXGroup;
			children = (
				CE463E4A1AADEE3C00427689 /* PhonePushTests.swift */,
				CE463E481AADEE3C00427689 /* Supporting Files */,
			);
			path = PhonePushTests;
			sourceTree = "<group>";
		};
		CE463E481AADEE3C00427689 /* Supporting Files */ = {
			isa = PBXGroup;
			children = (
				CE463E491AADEE3C00427689 /* Info.plist */,
			);
			name = "Supporting Files";
			sourceTree = "<group>";
		};
		CE9966061ADEE2C600DECE7B /* Products */ = {
			isa = PBXGroup;
			children = (
				CE99660D1ADEE2C700DECE7B /* SwiftyJSON.framework */,
				CE99660F1ADEE2C700DECE7B /* SwiftyJSON iOS Tests.xctest */,
				CE9966111ADEE2C700DECE7B /* SwiftyJSON.framework */,
				CE9966131ADEE2C700DECE7B /* SwiftyJSON OSX Tests.xctest */,
			);
			name = Products;
			sourceTree = "<group>";
		};
		CEA3614D1ADF3B6D00EC266A /* Libraries */ = {
			isa = PBXGroup;
			children = (
				CE18CDF41AF573B300DC1109 /* findTextSize.swift */,
				CEA6C37D1AE0BAE700B92A3C /* SwiftyJSON.swift */,
				CEA3614B1ADF3A5300EC266A /* URITemplate.swift */,
			);
			name = Libraries;
			sourceTree = "<group>";
		};
		CED1D0AA1AE0A4CE00B56442 /* Push */ = {
			isa = PBXGroup;
			children = (
				CEE8CE551AE191FA0089F5E1 /* nextQstn.swift */,
				CE463E361AADEE3C00427689 /* PPcalibVC.swift */,
				CEE8CE571AE1AB400089F5E1 /* PPintroVC.swift */,
				CED9F9781AE1736200122C34 /* Qstns */,
				CE0286841AAF9D4F005C0E45 /* Integrator.swift */,
				CE0286821AAF9D34005C0E45 /* AccelRecorder.swift */,
			);
			name = Push;
			sourceTree = "<group>";
		};
		CED1D0AB1AE0A55000B56442 /* Graphing */ = {
			isa = PBXGroup;
			children = (
				CEA296CE1AD97D69007117AD /* graphPlotter.swift */,
			);
			name = Graphing;
			sourceTree = "<group>";
		};
		CED1D0AC1AE0A58B00B56442 /* LoginPage */ = {
			isa = PBXGroup;
			children = (
				CE4090FA1ADECB1C00D237B3 /* DataManager.swift */,
				CE4090F81ADEBE5400D237B3 /* ViewControllerLogin.swift */,
				CEFC1B9A1AE82B8100DAAFE7 /* mortarboard.png */,
			);
			name = LoginPage;
			sourceTree = "<group>";
		};
		CED1D0AD1AE0A5CB00B56442 /* AnswerPopUp */ = {
			isa = PBXGroup;
			children = (
				CEEE24AE1AD9D6B4002E5F00 /* popUpViewController.swift */,
				CE4D1C561ADA03EC001E6D53 /* tickbox.png */,
				CE4D1C581ADA092E001E6D53 /* crossBox.png */,
			);
			name = AnswerPopUp;
			sourceTree = "<group>";
		};
		CED1D0AE1AE0A99300B56442 /* DecayDiceOLD */ = {
			isa = PBXGroup;
			children = (
				CED1D0BD1AE0AA1A00B56442 /* Images */,
				CED1D0AF1AE0A9C000B56442 /* DecayDiceVC.swift */,
				CED1D0BB1AE0AA1000B56442 /* nucleus.atlas */,
				CED1D0B91AE0AA0200B56442 /* eOrbits.atlas */,
				CED1D0B31AE0A9DA00B56442 /* AtomScene.swift */,
				CED1D0B41AE0A9DA00B56442 /* atomNode.swift */,
				CED1D0B11AE0A9CC00B56442 /* dataViewController.swift */,
			);
			name = DecayDiceOLD;
			sourceTree = "<group>";
		};
		CED1D0BD1AE0AA1A00B56442 /* Images */ = {
			isa = PBXGroup;
			children = (
				CED1D0B71AE0A9EC00B56442 /* electronbg.png */,
			);
			name = Images;
			sourceTree = "<group>";
		};
		CED9F9781AE1736200122C34 /* Qstns */ = {
			isa = PBXGroup;
			children = (
				CEA296D01AD97DE7007117AD /* graphQstns.swift */,
				CE4216E01AD180C6004EF105 /* calcQstns.swift */,
			);
			name = Qstns;
			sourceTree = "<group>";
		};
/* End PBXGroup section */

/* Begin PBXNativeTarget section */
		CE463E2E1AADEE3C00427689 /* PhonePush */ = {
			isa = PBXNativeTarget;
			buildConfigurationList = CE463E4E1AADEE3C00427689 /* Build configuration list for PBXNativeTarget "PhonePush" */;
			buildPhases = (
				00AF09E823071BBFBB78719E /* Check Pods Manifest.lock */,
				CE463E2B1AADEE3C00427689 /* Sources */,
				CE463E2C1AADEE3C00427689 /* Frameworks */,
				CE463E2D1AADEE3C00427689 /* Resources */,
				A0E4575C6D38A9C4215A93B2 /* Copy Pods Resources */,
			);
			buildRules = (
			);
			dependencies = (
			);
			name = PhonePush;
			productName = PhonePush;
			productReference = CE463E2F1AADEE3C00427689 /* PhonePush.app */;
			productType = "com.apple.product-type.application";
		};
		CE463E431AADEE3C00427689 /* PhonePushTests */ = {
			isa = PBXNativeTarget;
			buildConfigurationList = CE463E511AADEE3C00427689 /* Build configuration list for PBXNativeTarget "PhonePushTests" */;
			buildPhases = (
				CE463E401AADEE3C00427689 /* Sources */,
				CE463E411AADEE3C00427689 /* Frameworks */,
				CE463E421AADEE3C00427689 /* Resources */,
			);
			buildRules = (
			);
			dependencies = (
				CE463E461AADEE3C00427689 /* PBXTargetDependency */,
			);
			name = PhonePushTests;
			productName = PhonePushTests;
			productReference = CE463E441AADEE3C00427689 /* PhonePushTests.xctest */;
			productType = "com.apple.product-type.bundle.unit-test";
		};
/* End PBXNativeTarget section */

/* Begin PBXProject section */
		CE463E271AADEE3C00427689 /* Project object */ = {
			isa = PBXProject;
			attributes = {
				LastUpgradeCheck = 0610;
				ORGANIZATIONNAME = "Nicholas Harrigan";
				TargetAttributes = {
					CE463E2E1AADEE3C00427689 = {
						CreatedOnToolsVersion = 6.1.1;
					};
					CE463E431AADEE3C00427689 = {
						CreatedOnToolsVersion = 6.1.1;
						TestTargetID = CE463E2E1AADEE3C00427689;
					};
				};
			};
			buildConfigurationList = CE463E2A1AADEE3C00427689 /* Build configuration list for PBXProject "PhonePush" */;
			compatibilityVersion = "Xcode 3.2";
			developmentRegion = English;
			hasScannedForEncodings = 0;
			knownRegions = (
				en,
				Base,
			);
			mainGroup = CE463E261AADEE3C00427689;
			productRefGroup = CE463E301AADEE3C00427689 /* Products */;
			projectDirPath = "";
			projectReferences = (
				{
					ProductGroup = CE9966061ADEE2C600DECE7B /* Products */;
					ProjectRef = CE9966051ADEE2C600DECE7B /* SwiftyJSON.xcodeproj */;
				},
			);
			projectRoot = "";
			targets = (
				CE463E2E1AADEE3C00427689 /* PhonePush */,
				CE463E431AADEE3C00427689 /* PhonePushTests */,
			);
		};
/* End PBXProject section */

/* Begin PBXReferenceProxy section */
		CE99660D1ADEE2C700DECE7B /* SwiftyJSON.framework */ = {
			isa = PBXReferenceProxy;
			fileType = wrapper.framework;
			path = SwiftyJSON.framework;
			remoteRef = CE99660C1ADEE2C700DECE7B /* PBXContainerItemProxy */;
			sourceTree = BUILT_PRODUCTS_DIR;
		};
		CE99660F1ADEE2C700DECE7B /* SwiftyJSON iOS Tests.xctest */ = {
			isa = PBXReferenceProxy;
			fileType = wrapper.cfbundle;
			path = "SwiftyJSON iOS Tests.xctest";
			remoteRef = CE99660E1ADEE2C700DECE7B /* PBXContainerItemProxy */;
			sourceTree = BUILT_PRODUCTS_DIR;
		};
		CE9966111ADEE2C700DECE7B /* SwiftyJSON.framework */ = {
			isa = PBXReferenceProxy;
			fileType = wrapper.framework;
			path = SwiftyJSON.framework;
			remoteRef = CE9966101ADEE2C700DECE7B /* PBXContainerItemProxy */;
			sourceTree = BUILT_PRODUCTS_DIR;
		};
		CE9966131ADEE2C700DECE7B /* SwiftyJSON OSX Tests.xctest */ = {
			isa = PBXReferenceProxy;
			fileType = wrapper.cfbundle;
			path = "SwiftyJSON OSX Tests.xctest";
			remoteRef = CE9966121ADEE2C700DECE7B /* PBXContainerItemProxy */;
			sourceTree = BUILT_PRODUCTS_DIR;
		};
/* End PBXReferenceProxy section */

/* Begin PBXResourcesBuildPhase section */
		CE463E2D1AADEE3C00427689 /* Resources */ = {
			isa = PBXResourcesBuildPhase;
			buildActionMask = 2147483647;
			files = (
				CED1D0BA1AE0AA0200B56442 /* eOrbits.atlas in Resources */,
				CE4D1C591ADA092E001E6D53 /* crossBox.png in Resources */,
				CED1D0BC1AE0AA1000B56442 /* nucleus.atlas in Resources */,
				CEFC1B9B1AE82B8100DAAFE7 /* mortarboard.png in Resources */,
				CED1D0B81AE0A9EC00B56442 /* electronbg.png in Resources */,
				CE4D1C571ADA03EC001E6D53 /* tickbox.png in Resources */,
				CE463E3C1AADEE3C00427689 /* Images.xcassets in Resources */,
			);
			runOnlyForDeploymentPostprocessing = 0;
		};
		CE463E421AADEE3C00427689 /* Resources */ = {
			isa = PBXResourcesBuildPhase;
			buildActionMask = 2147483647;
			files = (
			);
			runOnlyForDeploymentPostprocessing = 0;
		};
/* End PBXResourcesBuildPhase section */

/* Begin PBXShellScriptBuildPhase section */
		00AF09E823071BBFBB78719E /* Check Pods Manifest.lock */ = {
			isa = PBXShellScriptBuildPhase;
			buildActionMask = 2147483647;
			files = (
			);
			inputPaths = (
			);
			name = "Check Pods Manifest.lock";
			outputPaths = (
			);
			runOnlyForDeploymentPostprocessing = 0;
			shellPath = /bin/sh;
			shellScript = "diff \"${PODS_ROOT}/../Podfile.lock\" \"${PODS_ROOT}/Manifest.lock\" > /dev/null\nif [[ $? != 0 ]] ; then\n    cat << EOM\nerror: The sandbox is not in sync with the Podfile.lock. Run 'pod install' or update your CocoaPods installation.\nEOM\n    exit 1\nfi\n";
			showEnvVarsInLog = 0;
		};
		A0E4575C6D38A9C4215A93B2 /* Copy Pods Resources */ = {
			isa = PBXShellScriptBuildPhase;
			buildActionMask = 2147483647;
			files = (
			);
			inputPaths = (
			);
			name = "Copy Pods Resources";
			outputPaths = (
			);
			runOnlyForDeploymentPostprocessing = 0;
			shellPath = /bin/sh;
			shellScript = "\"${SRCROOT}/Pods/Target Support Files/Pods/Pods-resources.sh\"\n";
			showEnvVarsInLog = 0;
		};
/* End PBXShellScriptBuildPhase section */

/* Begin PBXSourcesBuildPhase section */
		CE463E2B1AADEE3C00427689 /* Sources */ = {
			isa = PBXSourcesBuildPhase;
			buildActionMask = 2147483647;
			files = (
				CEA2CBE41B025FF3003D058D /* testRecAcc.swift in Sources */,
				CE18CDF51AF573B300DC1109 /* findTextSize.swift in Sources */,
				CED1D0B21AE0A9CC00B56442 /* dataViewController.swift in Sources */,
				CE4090F91ADEBE5400D237B3 /* ViewControllerLogin.swift in Sources */,
				CED1D0B61AE0A9DA00B56442 /* atomNode.swift in Sources */,
				CE463E371AADEE3C00427689 /* PPcalibVC.swift in Sources */,
				CE0286831AAF9D34005C0E45 /* AccelRecorder.swift in Sources */,
				CE18CDFA1AF839DC00DC1109 /* followMe.swift in Sources */,
				CE0286851AAF9D4F005C0E45 /* Integrator.swift in Sources */,
				CE463E351AADEE3C00427689 /* AppDelegate.swift in Sources */,
				CE4216E11AD180C6004EF105 /* calcQstns.swift in Sources */,
				CEE8CE581AE1AB400089F5E1 /* PPintroVC.swift in Sources */,
				CE18CDFD1AF83A9B00DC1109 /* calcQstnGraph.swift in Sources */,
				CED1D0B51AE0A9DA00B56442 /* AtomScene.swift in Sources */,
				CEEE24AF1AD9D6B4002E5F00 /* popUpViewController.swift in Sources */,
				CEA3614C1ADF3A5300EC266A /* URITemplate.swift in Sources */,
				CE4090FB1ADECB1C00D237B3 /* DataManager.swift in Sources */,
				CEA296D11AD97DE7007117AD /* graphQstns.swift in Sources */,
				CEA6C37E1AE0BAE700B92A3C /* SwiftyJSON.swift in Sources */,
				CED1D0B01AE0A9C000B56442 /* DecayDiceVC.swift in Sources */,
				CE2DF58C1B03C06C00C7564C /* attomArrayScene.swift in Sources */,
				CEE8CE561AE191FA0089F5E1 /* nextQstn.swift in Sources */,
				CEA296CF1AD97D69007117AD /* graphPlotter.swift in Sources */,
				CE1F16AA1B037FDA00502576 /* nextQstnDD.swift in Sources */,
				CE1F16AC1B037FFA00502576 /* guessIsotope.swift in Sources */,
			);
			runOnlyForDeploymentPostprocessing = 0;
		};
		CE463E401AADEE3C00427689 /* Sources */ = {
			isa = PBXSourcesBuildPhase;
			buildActionMask = 2147483647;
			files = (
				CE463E4B1AADEE3C00427689 /* PhonePushTests.swift in Sources */,
			);
			runOnlyForDeploymentPostprocessing = 0;
		};
/* End PBXSourcesBuildPhase section */

/* Begin PBXTargetDependency section */
		CE463E461AADEE3C00427689 /* PBXTargetDependency */ = {
			isa = PBXTargetDependency;
			target = CE463E2E1AADEE3C00427689 /* PhonePush */;
			targetProxy = CE463E451AADEE3C00427689 /* PBXContainerItemProxy */;
		};
/* End PBXTargetDependency section */

/* Begin XCBuildConfiguration section */
		CE463E4C1AADEE3C00427689 /* Debug */ = {
			isa = XCBuildConfiguration;
			buildSettings = {
				ALWAYS_SEARCH_USER_PATHS = NO;
				CLANG_CXX_LANGUAGE_STANDARD = "gnu++0x";
				CLANG_CXX_LIBRARY = "libc++";
				CLANG_ENABLE_MODULES = YES;
				CLANG_ENABLE_OBJC_ARC = YES;
				CLANG_WARN_BOOL_CONVERSION = YES;
				CLANG_WARN_CONSTANT_CONVERSION = YES;
				CLANG_WARN_DIRECT_OBJC_ISA_USAGE = YES_ERROR;
				CLANG_WARN_EMPTY_BODY = YES;
				CLANG_WARN_ENUM_CONVERSION = YES;
				CLANG_WARN_INT_CONVERSION = YES;
				CLANG_WARN_OBJC_ROOT_CLASS = YES_ERROR;
				CLANG_WARN_UNREACHABLE_CODE = YES;
				CLANG_WARN__DUPLICATE_METHOD_MATCH = YES;
				"CODE_SIGN_IDENTITY[sdk=iphoneos*]" = "iPhone Developer";
				COPY_PHASE_STRIP = NO;
				DEBUG_INFORMATION_FORMAT = "dwarf-with-dsym";
				ENABLE_STRICT_OBJC_MSGSEND = YES;
				GCC_C_LANGUAGE_STANDARD = gnu99;
				GCC_DYNAMIC_NO_PIC = NO;
				GCC_OPTIMIZATION_LEVEL = 0;
				GCC_PREPROCESSOR_DEFINITIONS = (
					"DEBUG=1",
					"$(inherited)",
				);
				GCC_SYMBOLS_PRIVATE_EXTERN = NO;
				GCC_WARN_64_TO_32_BIT_CONVERSION = YES;
				GCC_WARN_ABOUT_RETURN_TYPE = YES_ERROR;
				GCC_WARN_UNDECLARED_SELECTOR = YES;
				GCC_WARN_UNINITIALIZED_AUTOS = YES_AGGRESSIVE;
				GCC_WARN_UNUSED_FUNCTION = YES;
				GCC_WARN_UNUSED_VARIABLE = YES;
				IPHONEOS_DEPLOYMENT_TARGET = 8.1;
				MTL_ENABLE_DEBUG_INFO = YES;
				ONLY_ACTIVE_ARCH = YES;
				SDKROOT = iphoneos;
				SWIFT_OPTIMIZATION_LEVEL = "-Onone";
				TARGETED_DEVICE_FAMILY = 2;
			};
			name = Debug;
		};
		CE463E4D1AADEE3C00427689 /* Release */ = {
			isa = XCBuildConfiguration;
			buildSettings = {
				ALWAYS_SEARCH_USER_PATHS = NO;
				CLANG_CXX_LANGUAGE_STANDARD = "gnu++0x";
				CLANG_CXX_LIBRARY = "libc++";
				CLANG_ENABLE_MODULES = YES;
				CLANG_ENABLE_OBJC_ARC = YES;
				CLANG_WARN_BOOL_CONVERSION = YES;
				CLANG_WARN_CONSTANT_CONVERSION = YES;
				CLANG_WARN_DIRECT_OBJC_ISA_USAGE = YES_ERROR;
				CLANG_WARN_EMPTY_BODY = YES;
				CLANG_WARN_ENUM_CONVERSION = YES;
				CLANG_WARN_INT_CONVERSION = YES;
				CLANG_WARN_OBJC_ROOT_CLASS = YES_ERROR;
				CLANG_WARN_UNREACHABLE_CODE = YES;
				CLANG_WARN__DUPLICATE_METHOD_MATCH = YES;
				"CODE_SIGN_IDENTITY[sdk=iphoneos*]" = "iPhone Developer";
				COPY_PHASE_STRIP = YES;
				DEBUG_INFORMATION_FORMAT = "dwarf-with-dsym";
				ENABLE_NS_ASSERTIONS = NO;
				ENABLE_STRICT_OBJC_MSGSEND = YES;
				GCC_C_LANGUAGE_STANDARD = gnu99;
				GCC_WARN_64_TO_32_BIT_CONVERSION = YES;
				GCC_WARN_ABOUT_RETURN_TYPE = YES_ERROR;
				GCC_WARN_UNDECLARED_SELECTOR = YES;
				GCC_WARN_UNINITIALIZED_AUTOS = YES_AGGRESSIVE;
				GCC_WARN_UNUSED_FUNCTION = YES;
				GCC_WARN_UNUSED_VARIABLE = YES;
				IPHONEOS_DEPLOYMENT_TARGET = 8.1;
				MTL_ENABLE_DEBUG_INFO = NO;
				SDKROOT = iphoneos;
				TARGETED_DEVICE_FAMILY = 2;
				VALIDATE_PRODUCT = YES;
			};
			name = Release;
		};
		CE463E4F1AADEE3C00427689 /* Debug */ = {
			isa = XCBuildConfiguration;
			baseConfigurationReference = E3C61D2D9817D5F1E1A04AFF /* Pods.debug.xcconfig */;
			buildSettings = {
				ASSETCATALOG_COMPILER_APPICON_NAME = AppIcon;
				FRAMEWORK_SEARCH_PATHS = (
					"$(inherited)",
					"$(USER_LIBRARY_DIR)/Developer/Xcode/DerivedData/PhonePush-eikiouqgwfpbnzehtftbfaieaedu/Build/Products/Debug-iphoneos",
				);
				INFOPLIST_FILE = PhonePush/Info.plist;
				LD_RUNPATH_SEARCH_PATHS = "$(inherited) @executable_path/Frameworks";
				ONLY_ACTIVE_ARCH = YES;
				OTHER_LDFLAGS = "$(inherited)";
				PRODUCT_NAME = "$(TARGET_NAME)";
				SWIFT_OBJC_BRIDGING_HEADER = "/Users/nicholasharrigan/Desktop/tiny_teacher/PhonePush/PhonePush/PhonePush/PhonePush-Bridging-Header.h";
			};
			name = Debug;
		};
		CE463E501AADEE3C00427689 /* Release */ = {
			isa = XCBuildConfiguration;
			baseConfigurationReference = 0FFD0AB1B271C009DB3D10E2 /* Pods.release.xcconfig */;
			buildSettings = {
				ASSETCATALOG_COMPILER_APPICON_NAME = AppIcon;
				FRAMEWORK_SEARCH_PATHS = (
					"$(inherited)",
					"$(USER_LIBRARY_DIR)/Developer/Xcode/DerivedData/PhonePush-eikiouqgwfpbnzehtftbfaieaedu/Build/Products/Debug-iphoneos",
				);
				INFOPLIST_FILE = PhonePush/Info.plist;
				LD_RUNPATH_SEARCH_PATHS = "$(inherited) @executable_path/Frameworks";
				ONLY_ACTIVE_ARCH = NO;
				OTHER_LDFLAGS = "$(inherited)";
				PRODUCT_NAME = "$(TARGET_NAME)";
				SWIFT_OBJC_BRIDGING_HEADER = "/Users/nicholasharrigan/Desktop/tiny_teacher/PhonePush/PhonePush/PhonePush/PhonePush-Bridging-Header.h";
			};
			name = Release;
		};
		CE463E521AADEE3C00427689 /* Debug */ = {
			isa = XCBuildConfiguration;
			buildSettings = {
				BUNDLE_LOADER = "$(TEST_HOST)";
				FRAMEWORK_SEARCH_PATHS = (
					"$(SDKROOT)/Developer/Library/Frameworks",
					"$(inherited)",
				);
				GCC_PREPROCESSOR_DEFINITIONS = (
					"DEBUG=1",
					"$(inherited)",
				);
				INFOPLIST_FILE = PhonePushTests/Info.plist;
				LD_RUNPATH_SEARCH_PATHS = "$(inherited) @executable_path/Frameworks @loader_path/Frameworks";
				PRODUCT_NAME = "$(TARGET_NAME)";
				TEST_HOST = "$(BUILT_PRODUCTS_DIR)/PhonePush.app/PhonePush";
			};
			name = Debug;
		};
		CE463E531AADEE3C00427689 /* Release */ = {
			isa = XCBuildConfiguration;
			buildSettings = {
				BUNDLE_LOADER = "$(TEST_HOST)";
				FRAMEWORK_SEARCH_PATHS = (
					"$(SDKROOT)/Developer/Library/Frameworks",
					"$(inherited)",
				);
				INFOPLIST_FILE = PhonePushTests/Info.plist;
				LD_RUNPATH_SEARCH_PATHS = "$(inherited) @executable_path/Frameworks @loader_path/Frameworks";
				PRODUCT_NAME = "$(TARGET_NAME)";
				TEST_HOST = "$(BUILT_PRODUCTS_DIR)/PhonePush.app/PhonePush";
			};
			name = Release;
		};
/* End XCBuildConfiguration section */

/* Begin XCConfigurationList section */
		CE463E2A1AADEE3C00427689 /* Build configuration list for PBXProject "PhonePush" */ = {
			isa = XCConfigurationList;
			buildConfigurations = (
				CE463E4C1AADEE3C00427689 /* Debug */,
				CE463E4D1AADEE3C00427689 /* Release */,
			);
			defaultConfigurationIsVisible = 0;
			defaultConfigurationName = Release;
		};
		CE463E4E1AADEE3C00427689 /* Build configuration list for PBXNativeTarget "PhonePush" */ = {
			isa = XCConfigurationList;
			buildConfigurations = (
				CE463E4F1AADEE3C00427689 /* Debug */,
				CE463E501AADEE3C00427689 /* Release */,
			);
			defaultConfigurationIsVisible = 0;
			defaultConfigurationName = Release;
		};
		CE463E511AADEE3C00427689 /* Build configuration list for PBXNativeTarget "PhonePushTests" */ = {
			isa = XCConfigurationList;
			buildConfigurations = (
				CE463E521AADEE3C00427689 /* Debug */,
				CE463E531AADEE3C00427689 /* Release */,
			);
			defaultConfigurationIsVisible = 0;
			defaultConfigurationName = Release;
		};
/* End XCConfigurationList section */
	};
	rootObject = CE463E271AADEE3C00427689 /* Project object */;
}
